
Microsoft Visual Studio Solution File, Format Version 12.00
# Visual Studio 15
VisualStudioVersion = 15.0.28010.2003
MinimumVisualStudioVersion = 10.0.40219.1
Project("{FAE04EC0-301F-11D3-BF4B-00C04F79EFBC}") = "Avaliacao", "Avaliacao\Avaliacao.csproj", "{A5463D13-8ED5-4306-8F16-21B2F88C0E7F}"
EndProject
Global
	GlobalSection(SolutionConfigurationPlatforms) = preSolution
		Debug|Any CPU = Debug|Any CPU
		Release|Any CPU = Release|Any CPU
	EndGlobalSection
	GlobalSection(ProjectConfigurationPlatforms) = postSolution
		{A5463D13-8ED5-4306-8F16-21B2F88C0E7F}.Debug|Any CPU.ActiveCfg = Debug|Any CPU
		{A5463D13-8ED5-4306-8F16-21B2F88C0E7F}.Debug|Any CPU.Build.0 = Debug|Any CPU
		{A5463D13-8ED5-4306-8F16-21B2F88C0E7F}.Release|Any CPU.ActiveCfg = Release|Any CPU
		{A5463D13-8ED5-4306-8F16-21B2F88C0E7F}.Release|Any CPU.Build.0 = Release|Any CPU
	EndGlobalSection
	GlobalSection(SolutionProperties) = preSolution
		HideSolutionNode = FALSE
	EndGlobalSection
	GlobalSection(ExtensibilityGlobals) = postSolution
		SolutionGuid = {AE7119B3-F4A6-484A-90E7-8644DA2068A4}
	EndGlobalSection
EndGlobal
